
Microsoft Visual Studio Solution File, Format Version 12.00
# Visual Studio 15
Project("{FAE04EC0-301F-11D3-BF4B-00C04F79EFBC}") = "Assembly-CSharp-Editor", "Assembly-CSharp-Editor.csproj", "{AF299C76-B144-285D-4C0B-9A5E99F2052D}"
EndProject
Project("{FAE04EC0-301F-11D3-BF4B-00C04F79EFBC}") = "Assembly-CSharp", "Assembly-CSharp.csproj", "{A26B6245-EABA-4CAA-57CA-47C21B207899}"
EndProject
Global
	GlobalSection(SolutionConfigurationPlatforms) = preSolution
		Debug|Any CPU = Debug|Any CPU
		Release|Any CPU = Release|Any CPU
	EndGlobalSection
	GlobalSection(ProjectConfigurationPlatforms) = postSolution
		{AF299C76-B144-285D-4C0B-9A5E99F2052D}.Debug|Any CPU.ActiveCfg = Debug|Any CPU
		{AF299C76-B144-285D-4C0B-9A5E99F2052D}.Debug|Any CPU.Build.0 = Debug|Any CPU
		{AF299C76-B144-285D-4C0B-9A5E99F2052D}.Release|Any CPU.ActiveCfg = Release|Any CPU
		{AF299C76-B144-285D-4C0B-9A5E99F2052D}.Release|Any CPU.Build.0 = Release|Any CPU
		{A26B6245-EABA-4CAA-57CA-47C21B207899}.Debug|Any CPU.ActiveCfg = Debug|Any CPU
		{A26B6245-EABA-4CAA-57CA-47C21B207899}.Debug|Any CPU.Build.0 = Debug|Any CPU
		{A26B6245-EABA-4CAA-57CA-47C21B207899}.Release|Any CPU.ActiveCfg = Release|Any CPU
		{A26B6245-EABA-4CAA-57CA-47C21B207899}.Release|Any CPU.Build.0 = Release|Any CPU
	EndGlobalSection
	GlobalSection(SolutionProperties) = preSolution
		HideSolutionNode = FALSE
	EndGlobalSection
EndGlobal
